
Microsoft Visual Studio Solution File, Format Version 12.00
# Visual Studio Version 17
VisualStudioVersion = 17.10.35122.118
MinimumVisualStudioVersion = 10.0.40219.1
Project("{FAE04EC0-301F-11D3-BF4B-00C04F79EFBC}") = "TASK11", "TASK11\TASK11.csproj", "{032C1117-D544-4F07-96B1-0995BDEF5739}"
EndProject
Global
	GlobalSection(SolutionConfigurationPlatforms) = preSolution
		Debug|Any CPU = Debug|Any CPU
		Release|Any CPU = Release|Any CPU
	EndGlobalSection
	GlobalSection(ProjectConfigurationPlatforms) = postSolution
		{032C1117-D544-4F07-96B1-0995BDEF5739}.Debug|Any CPU.ActiveCfg = Debug|Any CPU
		{032C1117-D544-4F07-96B1-0995BDEF5739}.Debug|Any CPU.Build.0 = Debug|Any CPU
		{032C1117-D544-4F07-96B1-0995BDEF5739}.Release|Any CPU.ActiveCfg = Release|Any CPU
		{032C1117-D544-4F07-96B1-0995BDEF5739}.Release|Any CPU.Build.0 = Release|Any CPU
	EndGlobalSection
	GlobalSection(SolutionProperties) = preSolution
		HideSolutionNode = FALSE
	EndGlobalSection
	GlobalSection(ExtensibilityGlobals) = postSolution
		SolutionGuid = {37FE1D78-57A0-41B4-BDC3-52542479BA69}
	EndGlobalSection
EndGlobal
