
Microsoft Visual Studio Solution File, Format Version 12.00
# Visual Studio Version 17
VisualStudioVersion = 17.10.35122.118
MinimumVisualStudioVersion = 10.0.40219.1
Project("{FAE04EC0-301F-11D3-BF4B-00C04F79EFBC}") = "TASK9", "TASK9\TASK9.csproj", "{7B122297-BA8F-46E5-9AE3-5F073527038D}"
EndProject
Global
	GlobalSection(SolutionConfigurationPlatforms) = preSolution
		Debug|Any CPU = Debug|Any CPU
		Release|Any CPU = Release|Any CPU
	EndGlobalSection
	GlobalSection(ProjectConfigurationPlatforms) = postSolution
		{7B122297-BA8F-46E5-9AE3-5F073527038D}.Debug|Any CPU.ActiveCfg = Debug|Any CPU
		{7B122297-BA8F-46E5-9AE3-5F073527038D}.Debug|Any CPU.Build.0 = Debug|Any CPU
		{7B122297-BA8F-46E5-9AE3-5F073527038D}.Release|Any CPU.ActiveCfg = Release|Any CPU
		{7B122297-BA8F-46E5-9AE3-5F073527038D}.Release|Any CPU.Build.0 = Release|Any CPU
	EndGlobalSection
	GlobalSection(SolutionProperties) = preSolution
		HideSolutionNode = FALSE
	EndGlobalSection
	GlobalSection(ExtensibilityGlobals) = postSolution
		SolutionGuid = {94EE12B8-CCA6-48D6-A9EE-1C9994B31815}
	EndGlobalSection
EndGlobal
