
Microsoft Visual Studio Solution File, Format Version 12.00
# Visual Studio Version 17
VisualStudioVersion = 17.10.35122.118
MinimumVisualStudioVersion = 10.0.40219.1
Project("{FAE04EC0-301F-11D3-BF4B-00C04F79EFBC}") = "4", "4\4.csproj", "{256D9F2B-B668-4A26-8B68-2FF91F4DF961}"
EndProject
Global
	GlobalSection(SolutionConfigurationPlatforms) = preSolution
		Debug|Any CPU = Debug|Any CPU
		Release|Any CPU = Release|Any CPU
	EndGlobalSection
	GlobalSection(ProjectConfigurationPlatforms) = postSolution
		{256D9F2B-B668-4A26-8B68-2FF91F4DF961}.Debug|Any CPU.ActiveCfg = Debug|Any CPU
		{256D9F2B-B668-4A26-8B68-2FF91F4DF961}.Debug|Any CPU.Build.0 = Debug|Any CPU
		{256D9F2B-B668-4A26-8B68-2FF91F4DF961}.Release|Any CPU.ActiveCfg = Release|Any CPU
		{256D9F2B-B668-4A26-8B68-2FF91F4DF961}.Release|Any CPU.Build.0 = Release|Any CPU
	EndGlobalSection
	GlobalSection(SolutionProperties) = preSolution
		HideSolutionNode = FALSE
	EndGlobalSection
	GlobalSection(ExtensibilityGlobals) = postSolution
		SolutionGuid = {2997CCAE-7433-4ECF-906E-D31762EC116D}
	EndGlobalSection
EndGlobal
