
Microsoft Visual Studio Solution File, Format Version 12.00
# Visual Studio Version 17
VisualStudioVersion = 17.10.35122.118
MinimumVisualStudioVersion = 10.0.40219.1
Project("{FAE04EC0-301F-11D3-BF4B-00C04F79EFBC}") = "task14", "task14\task14.csproj", "{12C0AA48-E66D-4691-811E-B5153A4036AB}"
EndProject
Global
	GlobalSection(SolutionConfigurationPlatforms) = preSolution
		Debug|Any CPU = Debug|Any CPU
		Release|Any CPU = Release|Any CPU
	EndGlobalSection
	GlobalSection(ProjectConfigurationPlatforms) = postSolution
		{12C0AA48-E66D-4691-811E-B5153A4036AB}.Debug|Any CPU.ActiveCfg = Debug|Any CPU
		{12C0AA48-E66D-4691-811E-B5153A4036AB}.Debug|Any CPU.Build.0 = Debug|Any CPU
		{12C0AA48-E66D-4691-811E-B5153A4036AB}.Release|Any CPU.ActiveCfg = Release|Any CPU
		{12C0AA48-E66D-4691-811E-B5153A4036AB}.Release|Any CPU.Build.0 = Release|Any CPU
	EndGlobalSection
	GlobalSection(SolutionProperties) = preSolution
		HideSolutionNode = FALSE
	EndGlobalSection
	GlobalSection(ExtensibilityGlobals) = postSolution
		SolutionGuid = {AD356DAA-F24E-439F-B599-A9646195E660}
	EndGlobalSection
EndGlobal
